// !$*UTF8*$!
{
	archiveVersion = 1;
	classes = {
	};
	objectVersion = 55;
	objects = {

/* Begin PBXBuildFile section */
		58615A3027A0E3B10025D352 /* AppDelegate.swift in Sources */ = {isa = PBXBuildFile; fileRef = 58615A2F27A0E3B10025D352 /* AppDelegate.swift */; };
		58615A3227A0E3B10025D352 /* SceneDelegate.swift in Sources */ = {isa = PBXBuildFile; fileRef = 58615A3127A0E3B10025D352 /* SceneDelegate.swift */; };
		58615A3427A0E3B10025D352 /* ViewController.swift in Sources */ = {isa = PBXBuildFile; fileRef = 58615A3327A0E3B10025D352 /* ViewController.swift */; };
		58615A3727A0E3B10025D352 /* Main.storyboard in Resources */ = {isa = PBXBuildFile; fileRef = 58615A3527A0E3B10025D352 /* Main.storyboard */; };
		58615A3927A0E3B20025D352 /* Assets.xcassets in Resources */ = {isa = PBXBuildFile; fileRef = 58615A3827A0E3B20025D352 /* Assets.xcassets */; };
		58615A3C27A0E3B20025D352 /* LaunchScreen.storyboard in Resources */ = {isa = PBXBuildFile; fileRef = 58615A3A27A0E3B20025D352 /* LaunchScreen.storyboard */; };
		58615A4727A0E3B20025D352 /* mastermindTests.swift in Sources */ = {isa = PBXBuildFile; fileRef = 58615A4627A0E3B20025D352 /* mastermindTests.swift */; };
		58615A5127A0E3B20025D352 /* mastermindUITests.swift in Sources */ = {isa = PBXBuildFile; fileRef = 58615A5027A0E3B20025D352 /* mastermindUITests.swift */; };
		58615A5327A0E3B20025D352 /* mastermindUITestsLaunchTests.swift in Sources */ = {isa = PBXBuildFile; fileRef = 58615A5227A0E3B20025D352 /* mastermindUITestsLaunchTests.swift */; };
		58615A6027A0E3D00025D352 /* Piece.swift in Sources */ = {isa = PBXBuildFile; fileRef = 58615A5F27A0E3D00025D352 /* Piece.swift */; };
		58615A6227A0E3ED0025D352 /* Color.swift in Sources */ = {isa = PBXBuildFile; fileRef = 58615A6127A0E3EC0025D352 /* Color.swift */; };
		58615A6427A0E4370025D352 /* Row.swift in Sources */ = {isa = PBXBuildFile; fileRef = 58615A6327A0E4370025D352 /* Row.swift */; };
		58615A6627A0E45E0025D352 /* Gameboard.swift in Sources */ = {isa = PBXBuildFile; fileRef = 58615A6527A0E45E0025D352 /* Gameboard.swift */; };
		58615A6827A0E49F0025D352 /* Turn.swift in Sources */ = {isa = PBXBuildFile; fileRef = 58615A6727A0E49F0025D352 /* Turn.swift */; };
		58615A6C27A0E50C0025D352 /* GameState.swift in Sources */ = {isa = PBXBuildFile; fileRef = 58615A6B27A0E50C0025D352 /* GameState.swift */; };
		58615A7027A0E6690025D352 /* RowScore.swift in Sources */ = {isa = PBXBuildFile; fileRef = 58615A6F27A0E6690025D352 /* RowScore.swift */; };
		58615A7227A0F2790025D352 /* GameplayError.swift in Sources */ = {isa = PBXBuildFile; fileRef = 58615A7127A0F2790025D352 /* GameplayError.swift */; };
		58615A7427A106F10025D352 /* GameConstants.swift in Sources */ = {isa = PBXBuildFile; fileRef = 58615A7327A106F10025D352 /* GameConstants.swift */; };
/* End PBXBuildFile section */

/* Begin PBXContainerItemProxy section */
		58615A4327A0E3B20025D352 /* PBXContainerItemProxy */ = {
			isa = PBXContainerItemProxy;
			containerPortal = 58615A2427A0E3B10025D352 /* Project object */;
			proxyType = 1;
			remoteGlobalIDString = 58615A2B27A0E3B10025D352;
			remoteInfo = mastermind;
		};
		58615A4D27A0E3B20025D352 /* PBXContainerItemProxy */ = {
			isa = PBXContainerItemProxy;
			containerPortal = 58615A2427A0E3B10025D352 /* Project object */;
			proxyType = 1;
			remoteGlobalIDString = 58615A2B27A0E3B10025D352;
			remoteInfo = mastermind;
		};
/* End PBXContainerItemProxy section */

/* Begin PBXFileReference section */
		58615A2C27A0E3B10025D352 /* mastermind.app */ = {isa = PBXFileReference; explicitFileType = wrapper.application; includeInIndex = 0; path = mastermind.app; sourceTree = BUILT_PRODUCTS_DIR; };
		58615A2F27A0E3B10025D352 /* AppDelegate.swift */ = {isa = PBXFileReference; lastKnownFileType = sourcecode.swift; path = AppDelegate.swift; sourceTree = "<group>"; };
		58615A3127A0E3B10025D352 /* SceneDelegate.swift */ = {isa = PBXFileReference; lastKnownFileType = sourcecode.swift; path = SceneDelegate.swift; sourceTree = "<group>"; };
		58615A3327A0E3B10025D352 /* ViewController.swift */ = {isa = PBXFileReference; lastKnownFileType = sourcecode.swift; path = ViewController.swift; sourceTree = "<group>"; };
		58615A3627A0E3B10025D352 /* Base */ = {isa = PBXFileReference; lastKnownFileType = file.storyboard; name = Base; path = Base.lproj/Main.storyboard; sourceTree = "<group>"; };
		58615A3827A0E3B20025D352 /* Assets.xcassets */ = {isa = PBXFileReference; lastKnownFileType = folder.assetcatalog; path = Assets.xcassets; sourceTree = "<group>"; };
		58615A3B27A0E3B20025D352 /* Base */ = {isa = PBXFileReference; lastKnownFileType = file.storyboard; name = Base; path = Base.lproj/LaunchScreen.storyboard; sourceTree = "<group>"; };
		58615A3D27A0E3B20025D352 /* Info.plist */ = {isa = PBXFileReference; lastKnownFileType = text.plist.xml; path = Info.plist; sourceTree = "<group>"; };
		58615A4227A0E3B20025D352 /* mastermindTests.xctest */ = {isa = PBXFileReference; explicitFileType = wrapper.cfbundle; includeInIndex = 0; path = mastermindTests.xctest; sourceTree = BUILT_PRODUCTS_DIR; };
		58615A4627A0E3B20025D352 /* mastermindTests.swift */ = {isa = PBXFileReference; lastKnownFileType = sourcecode.swift; path = mastermindTests.swift; sourceTree = "<group>"; };
		58615A4C27A0E3B20025D352 /* mastermindUITests.xctest */ = {isa = PBXFileReference; explicitFileType = wrapper.cfbundle; includeInIndex = 0; path = mastermindUITests.xctest; sourceTree = BUILT_PRODUCTS_DIR; };
		58615A5027A0E3B20025D352 /* mastermindUITests.swift */ = {isa = PBXFileReference; lastKnownFileType = sourcecode.swift; path = mastermindUITests.swift; sourceTree = "<group>"; };
		58615A5227A0E3B20025D352 /* mastermindUITestsLaunchTests.swift */ = {isa = PBXFileReference; lastKnownFileType = sourcecode.swift; path = mastermindUITestsLaunchTests.swift; sourceTree = "<group>"; };
		58615A5F27A0E3D00025D352 /* Piece.swift */ = {isa = PBXFileReference; lastKnownFileType = sourcecode.swift; path = Piece.swift; sourceTree = "<group>"; };
		58615A6127A0E3EC0025D352 /* Color.swift */ = {isa = PBXFileReference; lastKnownFileType = sourcecode.swift; path = Color.swift; sourceTree = "<group>"; };
		58615A6327A0E4370025D352 /* Row.swift */ = {isa = PBXFileReference; lastKnownFileType = sourcecode.swift; path = Row.swift; sourceTree = "<group>"; };
		58615A6527A0E45E0025D352 /* Gameboard.swift */ = {isa = PBXFileReference; lastKnownFileType = sourcecode.swift; path = Gameboard.swift; sourceTree = "<group>"; };
		58615A6727A0E49F0025D352 /* Turn.swift */ = {isa = PBXFileReference; lastKnownFileType = sourcecode.swift; path = Turn.swift; sourceTree = "<group>"; };
		58615A6B27A0E50C0025D352 /* GameState.swift */ = {isa = PBXFileReference; lastKnownFileType = sourcecode.swift; path = GameState.swift; sourceTree = "<group>"; };
		58615A6F27A0E6690025D352 /* RowScore.swift */ = {isa = PBXFileReference; lastKnownFileType = sourcecode.swift; path = RowScore.swift; sourceTree = "<group>"; };
		58615A7127A0F2790025D352 /* GameplayError.swift */ = {isa = PBXFileReference; lastKnownFileType = sourcecode.swift; path = GameplayError.swift; sourceTree = "<group>"; };
		58615A7327A106F10025D352 /* GameConstants.swift */ = {isa = PBXFileReference; lastKnownFileType = sourcecode.swift; path = GameConstants.swift; sourceTree = "<group>"; };
/* End PBXFileReference section */

/* Begin PBXFrameworksBuildPhase section */
		58615A2927A0E3B10025D352 /* Frameworks */ = {
			isa = PBXFrameworksBuildPhase;
			buildActionMask = 2147483647;
			files = (
			);
			runOnlyForDeploymentPostprocessing = 0;
		};
		58615A3F27A0E3B20025D352 /* Frameworks */ = {
			isa = PBXFrameworksBuildPhase;
			buildActionMask = 2147483647;
			files = (
			);
			runOnlyForDeploymentPostprocessing = 0;
		};
		58615A4927A0E3B20025D352 /* Frameworks */ = {
			isa = PBXFrameworksBuildPhase;
			buildActionMask = 2147483647;
			files = (
			);
			runOnlyForDeploymentPostprocessing = 0;
		};
/* End PBXFrameworksBuildPhase section */

/* Begin PBXGroup section */
		58615A2327A0E3B10025D352 = {
			isa = PBXGroup;
			children = (
				58615A2E27A0E3B10025D352 /* mastermind */,
				58615A4527A0E3B20025D352 /* mastermindTests */,
				58615A4F27A0E3B20025D352 /* mastermindUITests */,
				58615A2D27A0E3B10025D352 /* Products */,
			);
			sourceTree = "<group>";
		};
		58615A2D27A0E3B10025D352 /* Products */ = {
			isa = PBXGroup;
			children = (
				58615A2C27A0E3B10025D352 /* mastermind.app */,
				58615A4227A0E3B20025D352 /* mastermindTests.xctest */,
				58615A4C27A0E3B20025D352 /* mastermindUITests.xctest */,
			);
			name = Products;
			sourceTree = "<group>";
		};
		58615A2E27A0E3B10025D352 /* mastermind */ = {
			isa = PBXGroup;
			children = (
				58615A2F27A0E3B10025D352 /* AppDelegate.swift */,
				58615A3127A0E3B10025D352 /* SceneDelegate.swift */,
				58615A3327A0E3B10025D352 /* ViewController.swift */,
				58615A5F27A0E3D00025D352 /* Piece.swift */,
				58615A6127A0E3EC0025D352 /* Color.swift */,
				58615A6327A0E4370025D352 /* Row.swift */,
				58615A6527A0E45E0025D352 /* Gameboard.swift */,
				58615A6727A0E49F0025D352 /* Turn.swift */,
				58615A6B27A0E50C0025D352 /* GameState.swift */,
				58615A6F27A0E6690025D352 /* RowScore.swift */,
				58615A7127A0F2790025D352 /* GameplayError.swift */,
				58615A7327A106F10025D352 /* GameConstants.swift */,
				58615A3527A0E3B10025D352 /* Main.storyboard */,
				58615A3827A0E3B20025D352 /* Assets.xcassets */,
				58615A3A27A0E3B20025D352 /* LaunchScreen.storyboard */,
				58615A3D27A0E3B20025D352 /* Info.plist */,
			);
			path = mastermind;
			sourceTree = "<group>";
		};
		58615A4527A0E3B20025D352 /* mastermindTests */ = {
			isa = PBXGroup;
			children = (
				58615A4627A0E3B20025D352 /* mastermindTests.swift */,
			);
			path = mastermindTests;
			sourceTree = "<group>";
		};
		58615A4F27A0E3B20025D352 /* mastermindUITests */ = {
			isa = PBXGroup;
			children = (
				58615A5027A0E3B20025D352 /* mastermindUITests.swift */,
				58615A5227A0E3B20025D352 /* mastermindUITestsLaunchTests.swift */,
			);
			path = mastermindUITests;
			sourceTree = "<group>";
		};
/* End PBXGroup section */

/* Begin PBXNativeTarget section */
		58615A2B27A0E3B10025D352 /* mastermind */ = {
			isa = PBXNativeTarget;
			buildConfigurationList = 58615A5627A0E3B20025D352 /* Build configuration list for PBXNativeTarget "mastermind" */;
			buildPhases = (
				58615A2827A0E3B10025D352 /* Sources */,
				58615A2927A0E3B10025D352 /* Frameworks */,
				58615A2A27A0E3B10025D352 /* Resources */,
			);
			buildRules = (
			);
			dependencies = (
			);
			name = mastermind;
			productName = mastermind;
			productReference = 58615A2C27A0E3B10025D352 /* mastermind.app */;
			productType = "com.apple.product-type.application";
		};
		58615A4127A0E3B20025D352 /* mastermindTests */ = {
			isa = PBXNativeTarget;
			buildConfigurationList = 58615A5927A0E3B20025D352 /* Build configuration list for PBXNativeTarget "mastermindTests" */;
			buildPhases = (
				58615A3E27A0E3B20025D352 /* Sources */,
				58615A3F27A0E3B20025D352 /* Frameworks */,
				58615A4027A0E3B20025D352 /* Resources */,
			);
			buildRules = (
			);
			dependencies = (
				58615A4427A0E3B20025D352 /* PBXTargetDependency */,
			);
			name = mastermindTests;
			productName = mastermindTests;
			productReference = 58615A4227A0E3B20025D352 /* mastermindTests.xctest */;
			productType = "com.apple.product-type.bundle.unit-test";
		};
		58615A4B27A0E3B20025D352 /* mastermindUITests */ = {
			isa = PBXNativeTarget;
			buildConfigurationList = 58615A5C27A0E3B20025D352 /* Build configuration list for PBXNativeTarget "mastermindUITests" */;
			buildPhases = (
				58615A4827A0E3B20025D352 /* Sources */,
				58615A4927A0E3B20025D352 /* Frameworks */,
				58615A4A27A0E3B20025D352 /* Resources */,
			);
			buildRules = (
			);
			dependencies = (
				58615A4E27A0E3B20025D352 /* PBXTargetDependency */,
			);
			name = mastermindUITests;
			productName = mastermindUITests;
			productReference = 58615A4C27A0E3B20025D352 /* mastermindUITests.xctest */;
			productType = "com.apple.product-type.bundle.ui-testing";
		};
/* End PBXNativeTarget section */

/* Begin PBXProject section */
		58615A2427A0E3B10025D352 /* Project object */ = {
			isa = PBXProject;
			attributes = {
				BuildIndependentTargetsInParallel = 1;
				LastSwiftUpdateCheck = 1320;
				LastUpgradeCheck = 1320;
				TargetAttributes = {
					58615A2B27A0E3B10025D352 = {
						CreatedOnToolsVersion = 13.2.1;
					};
					58615A4127A0E3B20025D352 = {
						CreatedOnToolsVersion = 13.2.1;
						TestTargetID = 58615A2B27A0E3B10025D352;
					};
					58615A4B27A0E3B20025D352 = {
						CreatedOnToolsVersion = 13.2.1;
						TestTargetID = 58615A2B27A0E3B10025D352;
					};
				};
			};
			buildConfigurationList = 58615A2727A0E3B10025D352 /* Build configuration list for PBXProject "mastermind" */;
			compatibilityVersion = "Xcode 13.0";
			developmentRegion = en;
			hasScannedForEncodings = 0;
			knownRegions = (
				en,
				Base,
			);
			mainGroup = 58615A2327A0E3B10025D352;
			productRefGroup = 58615A2D27A0E3B10025D352 /* Products */;
			projectDirPath = "";
			projectRoot = "";
			targets = (
				58615A2B27A0E3B10025D352 /* mastermind */,
				58615A4127A0E3B20025D352 /* mastermindTests */,
				58615A4B27A0E3B20025D352 /* mastermindUITests */,
			);
		};
/* End PBXProject section */

/* Begin PBXResourcesBuildPhase section */
		58615A2A27A0E3B10025D352 /* Resources */ = {
			isa = PBXResourcesBuildPhase;
			buildActionMask = 2147483647;
			files = (
				58615A3C27A0E3B20025D352 /* LaunchScreen.storyboard in Resources */,
				58615A3927A0E3B20025D352 /* Assets.xcassets in Resources */,
				58615A3727A0E3B10025D352 /* Main.storyboard in Resources */,
			);
			runOnlyForDeploymentPostprocessing = 0;
		};
		58615A4027A0E3B20025D352 /* Resources */ = {
			isa = PBXResourcesBuildPhase;
			buildActionMask = 2147483647;
			files = (
			);
			runOnlyForDeploymentPostprocessing = 0;
		};
		58615A4A27A0E3B20025D352 /* Resources */ = {
			isa = PBXResourcesBuildPhase;
			buildActionMask = 2147483647;
			files = (
			);
			runOnlyForDeploymentPostprocessing = 0;
		};
/* End PBXResourcesBuildPhase section */

/* Begin PBXSourcesBuildPhase section */
		58615A2827A0E3B10025D352 /* Sources */ = {
			isa = PBXSourcesBuildPhase;
			buildActionMask = 2147483647;
			files = (
				58615A7227A0F2790025D352 /* GameplayError.swift in Sources */,
				58615A7027A0E6690025D352 /* RowScore.swift in Sources */,
				58615A6627A0E45E0025D352 /* Gameboard.swift in Sources */,
				58615A6027A0E3D00025D352 /* Piece.swift in Sources */,
				58615A3427A0E3B10025D352 /* ViewController.swift in Sources */,
				58615A7427A106F10025D352 /* GameConstants.swift in Sources */,
				58615A3027A0E3B10025D352 /* AppDelegate.swift in Sources */,
				58615A6227A0E3ED0025D352 /* Color.swift in Sources */,
				58615A6427A0E4370025D352 /* Row.swift in Sources */,
				58615A6C27A0E50C0025D352 /* GameState.swift in Sources */,
				58615A6827A0E49F0025D352 /* Turn.swift in Sources */,
				58615A3227A0E3B10025D352 /* SceneDelegate.swift in Sources */,
			);
			runOnlyForDeploymentPostprocessing = 0;
		};
		58615A3E27A0E3B20025D352 /* Sources */ = {
			isa = PBXSourcesBuildPhase;
			buildActionMask = 2147483647;
			files = (
				58615A4727A0E3B20025D352 /* mastermindTests.swift in Sources */,
			);
			runOnlyForDeploymentPostprocessing = 0;
		};
		58615A4827A0E3B20025D352 /* Sources */ = {
			isa = PBXSourcesBuildPhase;
			buildActionMask = 2147483647;
			files = (
				58615A5327A0E3B20025D352 /* mastermindUITestsLaunchTests.swift in Sources */,
				58615A5127A0E3B20025D352 /* mastermindUITests.swift in Sources */,
			);
			runOnlyForDeploymentPostprocessing = 0;
		};
/* End PBXSourcesBuildPhase section */

/* Begin PBXTargetDependency section */
		58615A4427A0E3B20025D352 /* PBXTargetDependency */ = {
			isa = PBXTargetDependency;
			target = 58615A2B27A0E3B10025D352 /* mastermind */;
			targetProxy = 58615A4327A0E3B20025D352 /* PBXContainerItemProxy */;
		};
		58615A4E27A0E3B20025D352 /* PBXTargetDependency */ = {
			isa = PBXTargetDependency;
			target = 58615A2B27A0E3B10025D352 /* mastermind */;
			targetProxy = 58615A4D27A0E3B20025D352 /* PBXContainerItemProxy */;
		};
/* End PBXTargetDependency section */

/* Begin PBXVariantGroup section */
		58615A3527A0E3B10025D352 /* Main.storyboard */ = {
			isa = PBXVariantGroup;
			children = (
				58615A3627A0E3B10025D352 /* Base */,
			);
			name = Main.storyboard;
			sourceTree = "<group>";
		};
		58615A3A27A0E3B20025D352 /* LaunchScreen.storyboard */ = {
			isa = PBXVariantGroup;
			children = (
				58615A3B27A0E3B20025D352 /* Base */,
			);
			name = LaunchScreen.storyboard;
			sourceTree = "<group>";
		};
/* End PBXVariantGroup section */

/* Begin XCBuildConfiguration section */
		58615A5427A0E3B20025D352 /* Debug */ = {
			isa = XCBuildConfiguration;
			buildSettings = {
				ALWAYS_SEARCH_USER_PATHS = NO;
				CLANG_ANALYZER_NONNULL = YES;
				CLANG_ANALYZER_NUMBER_OBJECT_CONVERSION = YES_AGGRESSIVE;
				CLANG_CXX_LANGUAGE_STANDARD = "gnu++17";
				CLANG_CXX_LIBRARY = "libc++";
				CLANG_ENABLE_MODULES = YES;
				CLANG_ENABLE_OBJC_ARC = YES;
				CLANG_ENABLE_OBJC_WEAK = YES;
				CLANG_WARN_BLOCK_CAPTURE_AUTORELEASING = YES;
				CLANG_WARN_BOOL_CONVERSION = YES;
				CLANG_WARN_COMMA = YES;
				CLANG_WARN_CONSTANT_CONVERSION = YES;
				CLANG_WARN_DEPRECATED_OBJC_IMPLEMENTATIONS = YES;
				CLANG_WARN_DIRECT_OBJC_ISA_USAGE = YES_ERROR;
				CLANG_WARN_DOCUMENTATION_COMMENTS = YES;
				CLANG_WARN_EMPTY_BODY = YES;
				CLANG_WARN_ENUM_CONVERSION = YES;
				CLANG_WARN_INFINITE_RECURSION = YES;
				CLANG_WARN_INT_CONVERSION = YES;
				CLANG_WARN_NON_LITERAL_NULL_CONVERSION = YES;
				CLANG_WARN_OBJC_IMPLICIT_RETAIN_SELF = YES;
				CLANG_WARN_OBJC_LITERAL_CONVERSION = YES;
				CLANG_WARN_OBJC_ROOT_CLASS = YES_ERROR;
				CLANG_WARN_QUOTED_INCLUDE_IN_FRAMEWORK_HEADER = YES;
				CLANG_WARN_RANGE_LOOP_ANALYSIS = YES;
				CLANG_WARN_STRICT_PROTOTYPES = YES;
				CLANG_WARN_SUSPICIOUS_MOVE = YES;
				CLANG_WARN_UNGUARDED_AVAILABILITY = YES_AGGRESSIVE;
				CLANG_WARN_UNREACHABLE_CODE = YES;
				CLANG_WARN__DUPLICATE_METHOD_MATCH = YES;
				COPY_PHASE_STRIP = NO;
				DEBUG_INFORMATION_FORMAT = dwarf;
				ENABLE_STRICT_OBJC_MSGSEND = YES;
				ENABLE_TESTABILITY = YES;
				GCC_C_LANGUAGE_STANDARD = gnu11;
				GCC_DYNAMIC_NO_PIC = NO;
				GCC_NO_COMMON_BLOCKS = YES;
				GCC_OPTIMIZATION_LEVEL = 0;
				GCC_PREPROCESSOR_DEFINITIONS = (
					"DEBUG=1",
					"$(inherited)",
				);
				GCC_WARN_64_TO_32_BIT_CONVERSION = YES;
				GCC_WARN_ABOUT_RETURN_TYPE = YES_ERROR;
				GCC_WARN_UNDECLARED_SELECTOR = YES;
				GCC_WARN_UNINITIALIZED_AUTOS = YES_AGGRESSIVE;
				GCC_WARN_UNUSED_FUNCTION = YES;
				GCC_WARN_UNUSED_VARIABLE = YES;
				IPHONEOS_DEPLOYMENT_TARGET = 15.2;
				MTL_ENABLE_DEBUG_INFO = INCLUDE_SOURCE;
				MTL_FAST_MATH = YES;
				ONLY_ACTIVE_ARCH = YES;
				SDKROOT = iphoneos;
				SWIFT_ACTIVE_COMPILATION_CONDITIONS = DEBUG;
				SWIFT_OPTIMIZATION_LEVEL = "-Onone";
			};
			name = Debug;
		};
		58615A5527A0E3B20025D352 /* Release */ = {
			isa = XCBuildConfiguration;
			buildSettings = {
				ALWAYS_SEARCH_USER_PATHS = NO;
				CLANG_ANALYZER_NONNULL = YES;
				CLANG_ANALYZER_NUMBER_OBJECT_CONVERSION = YES_AGGRESSIVE;
				CLANG_CXX_LANGUAGE_STANDARD = "gnu++17";
				CLANG_CXX_LIBRARY = "libc++";
				CLANG_ENABLE_MODULES = YES;
				CLANG_ENABLE_OBJC_ARC = YES;
				CLANG_ENABLE_OBJC_WEAK = YES;
				CLANG_WARN_BLOCK_CAPTURE_AUTORELEASING = YES;
				CLANG_WARN_BOOL_CONVERSION = YES;
				CLANG_WARN_COMMA = YES;
				CLANG_WARN_CONSTANT_CONVERSION = YES;
				CLANG_WARN_DEPRECATED_OBJC_IMPLEMENTATIONS = YES;
				CLANG_WARN_DIRECT_OBJC_ISA_USAGE = YES_ERROR;
				CLANG_WARN_DOCUMENTATION_COMMENTS = YES;
				CLANG_WARN_EMPTY_BODY = YES;
				CLANG_WARN_ENUM_CONVERSION = YES;
				CLANG_WARN_INFINITE_RECURSION = YES;
				CLANG_WARN_INT_CONVERSION = YES;
				CLANG_WARN_NON_LITERAL_NULL_CONVERSION = YES;
				CLANG_WARN_OBJC_IMPLICIT_RETAIN_SELF = YES;
				CLANG_WARN_OBJC_LITERAL_CONVERSION = YES;
				CLANG_WARN_OBJC_ROOT_CLASS = YES_ERROR;
				CLANG_WARN_QUOTED_INCLUDE_IN_FRAMEWORK_HEADER = YES;
				CLANG_WARN_RANGE_LOOP_ANALYSIS = YES;
				CLANG_WARN_STRICT_PROTOTYPES = YES;
				CLANG_WARN_SUSPICIOUS_MOVE = YES;
				CLANG_WARN_UNGUARDED_AVAILABILITY = YES_AGGRESSIVE;
				CLANG_WARN_UNREACHABLE_CODE = YES;
				CLANG_WARN__DUPLICATE_METHOD_MATCH = YES;
				COPY_PHASE_STRIP = NO;
				DEBUG_INFORMATION_FORMAT = "dwarf-with-dsym";
				ENABLE_NS_ASSERTIONS = NO;
				ENABLE_STRICT_OBJC_MSGSEND = YES;
				GCC_C_LANGUAGE_STANDARD = gnu11;
				GCC_NO_COMMON_BLOCKS = YES;
				GCC_WARN_64_TO_32_BIT_CONVERSION = YES;
				GCC_WARN_ABOUT_RETURN_TYPE = YES_ERROR;
				GCC_WARN_UNDECLARED_SELECTOR = YES;
				GCC_WARN_UNINITIALIZED_AUTOS = YES_AGGRESSIVE;
				GCC_WARN_UNUSED_FUNCTION = YES;
				GCC_WARN_UNUSED_VARIABLE = YES;
				IPHONEOS_DEPLOYMENT_TARGET = 15.2;
				MTL_ENABLE_DEBUG_INFO = NO;
				MTL_FAST_MATH = YES;
				SDKROOT = iphoneos;
				SWIFT_COMPILATION_MODE = wholemodule;
				SWIFT_OPTIMIZATION_LEVEL = "-O";
				VALIDATE_PRODUCT = YES;
			};
			name = Release;
		};
		58615A5727A0E3B20025D352 /* Debug */ = {
			isa = XCBuildConfiguration;
			buildSettings = {
				ASSETCATALOG_COMPILER_APPICON_NAME = AppIcon;
				ASSETCATALOG_COMPILER_GLOBAL_ACCENT_COLOR_NAME = AccentColor;
				CODE_SIGN_STYLE = Automatic;
				CURRENT_PROJECT_VERSION = 1;
				DEVELOPMENT_TEAM = 35RU8AKZX8;
				GENERATE_INFOPLIST_FILE = YES;
				INFOPLIST_FILE = mastermind/Info.plist;
				INFOPLIST_KEY_UIApplicationSupportsIndirectInputEvents = YES;
				INFOPLIST_KEY_UILaunchStoryboardName = LaunchScreen;
				INFOPLIST_KEY_UIMainStoryboardFile = Main;
				INFOPLIST_KEY_UISupportedInterfaceOrientations_iPad = "UIInterfaceOrientationPortrait UIInterfaceOrientationPortraitUpsideDown UIInterfaceOrientationLandscapeLeft UIInterfaceOrientationLandscapeRight";
				INFOPLIST_KEY_UISupportedInterfaceOrientations_iPhone = "UIInterfaceOrientationPortrait UIInterfaceOrientationLandscapeLeft UIInterfaceOrientationLandscapeRight";
				LD_RUNPATH_SEARCH_PATHS = (
					"$(inherited)",
					"@executable_path/Frameworks",
				);
				MARKETING_VERSION = 1.0;
				PRODUCT_BUNDLE_IDENTIFIER = org.rmirabelli.mastermind;
				PRODUCT_NAME = "$(TARGET_NAME)";
				SWIFT_EMIT_LOC_STRINGS = YES;
				SWIFT_VERSION = 5.0;
				TARGETED_DEVICE_FAMILY = "1,2";
			};
			name = Debug;
		};
		58615A5827A0E3B20025D352 /* Release */ = {
			isa = XCBuildConfiguration;
			buildSettings = {
				ASSETCATALOG_COMPILER_APPICON_NAME = AppIcon;
				ASSETCATALOG_COMPILER_GLOBAL_ACCENT_COLOR_NAME = AccentColor;
				CODE_SIGN_STYLE = Automatic;
				CURRENT_PROJECT_VERSION = 1;
				DEVELOPMENT_TEAM = 35RU8AKZX8;
				GENERATE_INFOPLIST_FILE = YES;
				INFOPLIST_FILE = mastermind/Info.plist;
				INFOPLIST_KEY_UIApplicationSupportsIndirectInputEvents = YES;
				INFOPLIST_KEY_UILaunchStoryboardName = LaunchScreen;
				INFOPLIST_KEY_UIMainStoryboardFile = Main;
				INFOPLIST_KEY_UISupportedInterfaceOrientations_iPad = "UIInterfaceOrientationPortrait UIInterfaceOrientationPortraitUpsideDown UIInterfaceOrientationLandscapeLeft UIInterfaceOrientationLandscapeRight";
				INFOPLIST_KEY_UISupportedInterfaceOrientations_iPhone = "UIInterfaceOrientationPortrait UIInterfaceOrientationLandscapeLeft UIInterfaceOrientationLandscapeRight";
				LD_RUNPATH_SEARCH_PATHS = (
					"$(inherited)",
					"@executable_path/Frameworks",
				);
				MARKETING_VERSION = 1.0;
				PRODUCT_BUNDLE_IDENTIFIER = org.rmirabelli.mastermind;
				PRODUCT_NAME = "$(TARGET_NAME)";
				SWIFT_EMIT_LOC_STRINGS = YES;
				SWIFT_VERSION = 5.0;
				TARGETED_DEVICE_FAMILY = "1,2";
			};
			name = Release;
		};
		58615A5A27A0E3B20025D352 /* Debug */ = {
			isa = XCBuildConfiguration;
			buildSettings = {
				ALWAYS_EMBED_SWIFT_STANDARD_LIBRARIES = YES;
				BUNDLE_LOADER = "$(TEST_HOST)";
				CODE_SIGN_STYLE = Automatic;
				CURRENT_PROJECT_VERSION = 1;
				DEVELOPMENT_TEAM = 35RU8AKZX8;
				GENERATE_INFOPLIST_FILE = YES;
				IPHONEOS_DEPLOYMENT_TARGET = 15.2;
				MARKETING_VERSION = 1.0;
				PRODUCT_BUNDLE_IDENTIFIER = org.rmirabelli.mastermindTests;
				PRODUCT_NAME = "$(TARGET_NAME)";
				SWIFT_EMIT_LOC_STRINGS = NO;
				SWIFT_VERSION = 5.0;
				TARGETED_DEVICE_FAMILY = "1,2";
				TEST_HOST = "$(BUILT_PRODUCTS_DIR)/mastermind.app/mastermind";
			};
			name = Debug;
		};
		58615A5B27A0E3B20025D352 /* Release */ = {
			isa = XCBuildConfiguration;
			buildSettings = {
				ALWAYS_EMBED_SWIFT_STANDARD_LIBRARIES = YES;
				BUNDLE_LOADER = "$(TEST_HOST)";
				CODE_SIGN_STYLE = Automatic;
				CURRENT_PROJECT_VERSION = 1;
				DEVELOPMENT_TEAM = 35RU8AKZX8;
				GENERATE_INFOPLIST_FILE = YES;
				IPHONEOS_DEPLOYMENT_TARGET = 15.2;
				MARKETING_VERSION = 1.0;
				PRODUCT_BUNDLE_IDENTIFIER = org.rmirabelli.mastermindTests;
				PRODUCT_NAME = "$(TARGET_NAME)";
				SWIFT_EMIT_LOC_STRINGS = NO;
				SWIFT_VERSION = 5.0;
				TARGETED_DEVICE_FAMILY = "1,2";
				TEST_HOST = "$(BUILT_PRODUCTS_DIR)/mastermind.app/mastermind";
			};
			name = Release;
		};
		58615A5D27A0E3B20025D352 /* Debug */ = {
			isa = XCBuildConfiguration;
			buildSettings = {
				ALWAYS_EMBED_SWIFT_STANDARD_LIBRARIES = YES;
				CODE_SIGN_STYLE = Automatic;
				CURRENT_PROJECT_VERSION = 1;
				DEVELOPMENT_TEAM = 35RU8AKZX8;
				GENERATE_INFOPLIST_FILE = YES;
				MARKETING_VERSION = 1.0;
				PRODUCT_BUNDLE_IDENTIFIER = org.rmirabelli.mastermindUITests;
				PRODUCT_NAME = "$(TARGET_NAME)";
				SWIFT_EMIT_LOC_STRINGS = NO;
				SWIFT_VERSION = 5.0;
				TARGETED_DEVICE_FAMILY = "1,2";
				TEST_TARGET_NAME = mastermind;
			};
			name = Debug;
		};
		58615A5E27A0E3B20025D352 /* Release */ = {
			isa = XCBuildConfiguration;
			buildSettings = {
				ALWAYS_EMBED_SWIFT_STANDARD_LIBRARIES = YES;
				CODE_SIGN_STYLE = Automatic;
				CURRENT_PROJECT_VERSION = 1;
				DEVELOPMENT_TEAM = 35RU8AKZX8;
				GENERATE_INFOPLIST_FILE = YES;
				MARKETING_VERSION = 1.0;
				PRODUCT_BUNDLE_IDENTIFIER = org.rmirabelli.mastermindUITests;
				PRODUCT_NAME = "$(TARGET_NAME)";
				SWIFT_EMIT_LOC_STRINGS = NO;
				SWIFT_VERSION = 5.0;
				TARGETED_DEVICE_FAMILY = "1,2";
				TEST_TARGET_NAME = mastermind;
			};
			name = Release;
		};
/* End XCBuildConfiguration section */

/* Begin XCConfigurationList section */
		58615A2727A0E3B10025D352 /* Build configuration list for PBXProject "mastermind" */ = {
			isa = XCConfigurationList;
			buildConfigurations = (
				58615A5427A0E3B20025D352 /* Debug */,
				58615A5527A0E3B20025D352 /* Release */,
			);
			defaultConfigurationIsVisible = 0;
			defaultConfigurationName = Release;
		};
		58615A5627A0E3B20025D352 /* Build configuration list for PBXNativeTarget "mastermind" */ = {
			isa = XCConfigurationList;
			buildConfigurations = (
				58615A5727A0E3B20025D352 /* Debug */,
				58615A5827A0E3B20025D352 /* Release */,
			);
			defaultConfigurationIsVisible = 0;
			defaultConfigurationName = Release;
		};
		58615A5927A0E3B20025D352 /* Build configuration list for PBXNativeTarget "mastermindTests" */ = {
			isa = XCConfigurationList;
			buildConfigurations = (
				58615A5A27A0E3B20025D352 /* Debug */,
				58615A5B27A0E3B20025D352 /* Release */,
			);
			defaultConfigurationIsVisible = 0;
			defaultConfigurationName = Release;
		};
		58615A5C27A0E3B20025D352 /* Build configuration list for PBXNativeTarget "mastermindUITests" */ = {
			isa = XCConfigurationList;
			buildConfigurations = (
				58615A5D27A0E3B20025D352 /* Debug */,
				58615A5E27A0E3B20025D352 /* Release */,
			);
			defaultConfigurationIsVisible = 0;
			defaultConfigurationName = Release;
		};
/* End XCConfigurationList section */
	};
	rootObject = 58615A2427A0E3B10025D352 /* Project object */;
}
